// !$*UTF8*$!
{
	archiveVersion = 1;
	classes = {
	};
	objectVersion = 56;
	objects = {

/* Begin PBXBuildFile section */
		DD04B6F42B0504F200C36ED8 /* DetailsCollectionsViewCell.swift in Sources */ = {isa = PBXBuildFile; fileRef = DD04B6F32B0504F200C36ED8 /* DetailsCollectionsViewCell.swift */; };
		DD04B6F62B05205000C36ED8 /* GeneralViewModel.swift in Sources */ = {isa = PBXBuildFile; fileRef = DD04B6F52B05205000C36ED8 /* GeneralViewModel.swift */; };
		DD04B6F92B0522DF00C36ED8 /* NewsResponseObject.swift in Sources */ = {isa = PBXBuildFile; fileRef = DD04B6F82B0522DF00C36ED8 /* NewsResponseObject.swift */; };
		DD04B6FB2B05236C00C36ED8 /* ArticleRensponseObject.swift in Sources */ = {isa = PBXBuildFile; fileRef = DD04B6FA2B05236C00C36ED8 /* ArticleRensponseObject.swift */; };
		DD04B6FE2B05260300C36ED8 /* ArticleCellViewModel.swift in Sources */ = {isa = PBXBuildFile; fileRef = DD04B6FD2B05260300C36ED8 /* ArticleCellViewModel.swift */; };
		DD04B7032B0532BF00C36ED8 /* NewsDetailViewController.swift in Sources */ = {isa = PBXBuildFile; fileRef = DD04B7022B0532BF00C36ED8 /* NewsDetailViewController.swift */; };
		DD04B7052B0536F500C36ED8 /* ApiManager.swift in Sources */ = {isa = PBXBuildFile; fileRef = DD04B7042B0536F500C36ED8 /* ApiManager.swift */; };
		DD04B7092B054C6B00C36ED8 /* NetworkingError.swift in Sources */ = {isa = PBXBuildFile; fileRef = DD04B7082B054C6B00C36ED8 /* NetworkingError.swift */; };
		DD04B70B2B06A22D00C36ED8 /* NewsViewModel.swift in Sources */ = {isa = PBXBuildFile; fileRef = DD04B70A2B06A22D00C36ED8 /* NewsViewModel.swift */; };
		DD04B71B2B0A60FC00C36ED8 /* BusinessViewModel.swift in Sources */ = {isa = PBXBuildFile; fileRef = DD04B71A2B0A60FC00C36ED8 /* BusinessViewModel.swift */; };
		DD5692202B01665F000A76DC /* AppDelegate.swift in Sources */ = {isa = PBXBuildFile; fileRef = DD56921F2B01665F000A76DC /* AppDelegate.swift */; };
		DD5692242B01665F000A76DC /* GeneralViewController.swift in Sources */ = {isa = PBXBuildFile; fileRef = DD5692232B01665F000A76DC /* GeneralViewController.swift */; };
		DD5692292B016661000A76DC /* Assets.xcassets in Resources */ = {isa = PBXBuildFile; fileRef = DD5692282B016661000A76DC /* Assets.xcassets */; };
		DD56922C2B016661000A76DC /* LaunchScreen.storyboard in Resources */ = {isa = PBXBuildFile; fileRef = DD56922A2B016661000A76DC /* LaunchScreen.storyboard */; };
		DD5692342B016EA0000A76DC /* TabBarController.swift in Sources */ = {isa = PBXBuildFile; fileRef = DD5692332B016EA0000A76DC /* TabBarController.swift */; };
		DD5692362B016FFC000A76DC /* BusinessViewController.swift in Sources */ = {isa = PBXBuildFile; fileRef = DD5692352B016FFC000A76DC /* BusinessViewController.swift */; };
		DD5692382B01701A000A76DC /* TechnologyViewController.swift in Sources */ = {isa = PBXBuildFile; fileRef = DD5692372B01701A000A76DC /* TechnologyViewController.swift */; };
		DD56923B2B017EA6000A76DC /* SnapKit in Frameworks */ = {isa = PBXBuildFile; productRef = DD56923A2B017EA6000A76DC /* SnapKit */; };
		DD5692412B0180B1000A76DC /* GeneralCollectionViewCell.swift in Sources */ = {isa = PBXBuildFile; fileRef = DD5692402B0180B1000A76DC /* GeneralCollectionViewCell.swift */; };
		DDE706812B03D88500B360A5 /* UIViev+Ex.swift in Sources */ = {isa = PBXBuildFile; fileRef = DDE706802B03D88500B360A5 /* UIViev+Ex.swift */; };
		DDEA7B752B10088E00D2E47C /* TechnologyCollectionsViewCell.swift in Sources */ = {isa = PBXBuildFile; fileRef = DDEA7B742B10088E00D2E47C /* TechnologyCollectionsViewCell.swift */; };
		DDEA7B772B1008BA00D2E47C /* TechnologyViewModel.swift in Sources */ = {isa = PBXBuildFile; fileRef = DDEA7B762B1008BA00D2E47C /* TechnologyViewModel.swift */; };
/* End PBXBuildFile section */

/* Begin PBXFileReference section */
		DD04B6F32B0504F200C36ED8 /* DetailsCollectionsViewCell.swift */ = {isa = PBXFileReference; lastKnownFileType = sourcecode.swift; path = DetailsCollectionsViewCell.swift; sourceTree = "<group>"; };
		DD04B6F52B05205000C36ED8 /* GeneralViewModel.swift */ = {isa = PBXFileReference; lastKnownFileType = sourcecode.swift; path = GeneralViewModel.swift; sourceTree = "<group>"; };
		DD04B6F82B0522DF00C36ED8 /* NewsResponseObject.swift */ = {isa = PBXFileReference; lastKnownFileType = sourcecode.swift; path = NewsResponseObject.swift; sourceTree = "<group>"; };
		DD04B6FA2B05236C00C36ED8 /* ArticleRensponseObject.swift */ = {isa = PBXFileReference; lastKnownFileType = sourcecode.swift; path = ArticleRensponseObject.swift; sourceTree = "<group>"; };
		DD04B6FD2B05260300C36ED8 /* ArticleCellViewModel.swift */ = {isa = PBXFileReference; lastKnownFileType = sourcecode.swift; path = ArticleCellViewModel.swift; sourceTree = "<group>"; };
		DD04B7022B0532BF00C36ED8 /* NewsDetailViewController.swift */ = {isa = PBXFileReference; fileEncoding = 4; lastKnownFileType = sourcecode.swift; path = NewsDetailViewController.swift; sourceTree = "<group>"; };
		DD04B7042B0536F500C36ED8 /* ApiManager.swift */ = {isa = PBXFileReference; lastKnownFileType = sourcecode.swift; path = ApiManager.swift; sourceTree = "<group>"; };
		DD04B7082B054C6B00C36ED8 /* NetworkingError.swift */ = {isa = PBXFileReference; lastKnownFileType = sourcecode.swift; path = NetworkingError.swift; sourceTree = "<group>"; };
		DD04B70A2B06A22D00C36ED8 /* NewsViewModel.swift */ = {isa = PBXFileReference; lastKnownFileType = sourcecode.swift; path = NewsViewModel.swift; sourceTree = "<group>"; };
		DD04B71A2B0A60FC00C36ED8 /* BusinessViewModel.swift */ = {isa = PBXFileReference; lastKnownFileType = sourcecode.swift; path = BusinessViewModel.swift; sourceTree = "<group>"; };
		DD56921C2B01665F000A76DC /* NewsApp.app */ = {isa = PBXFileReference; explicitFileType = wrapper.application; includeInIndex = 0; path = NewsApp.app; sourceTree = BUILT_PRODUCTS_DIR; };
		DD56921F2B01665F000A76DC /* AppDelegate.swift */ = {isa = PBXFileReference; lastKnownFileType = sourcecode.swift; path = AppDelegate.swift; sourceTree = "<group>"; };
		DD5692232B01665F000A76DC /* GeneralViewController.swift */ = {isa = PBXFileReference; lastKnownFileType = sourcecode.swift; path = GeneralViewController.swift; sourceTree = "<group>"; };
		DD5692282B016661000A76DC /* Assets.xcassets */ = {isa = PBXFileReference; lastKnownFileType = folder.assetcatalog; path = Assets.xcassets; sourceTree = "<group>"; };
		DD56922B2B016661000A76DC /* Base */ = {isa = PBXFileReference; lastKnownFileType = file.storyboard; name = Base; path = Base.lproj/LaunchScreen.storyboard; sourceTree = "<group>"; };
		DD56922D2B016661000A76DC /* Info.plist */ = {isa = PBXFileReference; lastKnownFileType = text.plist.xml; path = Info.plist; sourceTree = "<group>"; };
		DD5692332B016EA0000A76DC /* TabBarController.swift */ = {isa = PBXFileReference; lastKnownFileType = sourcecode.swift; path = TabBarController.swift; sourceTree = "<group>"; };
		DD5692352B016FFC000A76DC /* BusinessViewController.swift */ = {isa = PBXFileReference; lastKnownFileType = sourcecode.swift; path = BusinessViewController.swift; sourceTree = "<group>"; };
		DD5692372B01701A000A76DC /* TechnologyViewController.swift */ = {isa = PBXFileReference; lastKnownFileType = sourcecode.swift; path = TechnologyViewController.swift; sourceTree = "<group>"; };
		DD5692402B0180B1000A76DC /* GeneralCollectionViewCell.swift */ = {isa = PBXFileReference; lastKnownFileType = sourcecode.swift; path = GeneralCollectionViewCell.swift; sourceTree = "<group>"; };
		DDE706802B03D88500B360A5 /* UIViev+Ex.swift */ = {isa = PBXFileReference; lastKnownFileType = sourcecode.swift; path = "UIViev+Ex.swift"; sourceTree = "<group>"; };
		DDEA7B742B10088E00D2E47C /* TechnologyCollectionsViewCell.swift */ = {isa = PBXFileReference; lastKnownFileType = sourcecode.swift; path = TechnologyCollectionsViewCell.swift; sourceTree = "<group>"; };
		DDEA7B762B1008BA00D2E47C /* TechnologyViewModel.swift */ = {isa = PBXFileReference; lastKnownFileType = sourcecode.swift; path = TechnologyViewModel.swift; sourceTree = "<group>"; };
/* End PBXFileReference section */

/* Begin PBXFrameworksBuildPhase section */
		DD5692192B01665F000A76DC /* Frameworks */ = {
			isa = PBXFrameworksBuildPhase;
			buildActionMask = 2147483647;
			files = (
				DD56923B2B017EA6000A76DC /* SnapKit in Frameworks */,
			);
			runOnlyForDeploymentPostprocessing = 0;
		};
/* End PBXFrameworksBuildPhase section */

/* Begin PBXGroup section */
		DD04B6F72B05205700C36ED8 /* ViewModel */ = {
			isa = PBXGroup;
			children = (
				DD04B6F52B05205000C36ED8 /* GeneralViewModel.swift */,
				DD04B6FD2B05260300C36ED8 /* ArticleCellViewModel.swift */,
			);
			path = ViewModel;
			sourceTree = "<group>";
		};
		DD04B6FC2B05245100C36ED8 /* Model */ = {
			isa = PBXGroup;
			children = (
				DD04B6F82B0522DF00C36ED8 /* NewsResponseObject.swift */,
				DD04B6FA2B05236C00C36ED8 /* ArticleRensponseObject.swift */,
			);
			path = Model;
			sourceTree = "<group>";
		};
		DD04B6FF2B0530E900C36ED8 /* News */ = {
			isa = PBXGroup;
			children = (
				DD04B7022B0532BF00C36ED8 /* NewsDetailViewController.swift */,
				DD04B70A2B06A22D00C36ED8 /* NewsViewModel.swift */,
			);
			path = News;
			sourceTree = "<group>";
		};
		DD04B7072B05379100C36ED8 /* Networking */ = {
			isa = PBXGroup;
			children = (
				DD04B7042B0536F500C36ED8 /* ApiManager.swift */,
				DD04B7082B054C6B00C36ED8 /* NetworkingError.swift */,
			);
			path = Networking;
			sourceTree = "<group>";
		};
		DD04B7192B0A60E800C36ED8 /* View */ = {
			isa = PBXGroup;
			children = (
				DD5692352B016FFC000A76DC /* BusinessViewController.swift */,
				DD04B6F32B0504F200C36ED8 /* DetailsCollectionsViewCell.swift */,
			);
			path = View;
			sourceTree = "<group>";
		};
		DD04B71C2B0A610200C36ED8 /* ViewModel */ = {
			isa = PBXGroup;
			children = (
				DD04B71A2B0A60FC00C36ED8 /* BusinessViewModel.swift */,
			);
			path = ViewModel;
			sourceTree = "<group>";
		};
		DD5692132B01665F000A76DC = {
			isa = PBXGroup;
			children = (
				DD56921E2B01665F000A76DC /* NewsApp */,
				DD56921D2B01665F000A76DC /* Products */,
			);
			sourceTree = "<group>";
		};
		DD56921D2B01665F000A76DC /* Products */ = {
			isa = PBXGroup;
			children = (
				DD56921C2B01665F000A76DC /* NewsApp.app */,
			);
			name = Products;
			sourceTree = "<group>";
		};
		DD56921E2B01665F000A76DC /* NewsApp */ = {
			isa = PBXGroup;
			children = (
				DD56921F2B01665F000A76DC /* AppDelegate.swift */,
				DD5692332B016EA0000A76DC /* TabBarController.swift */,
				DD04B7072B05379100C36ED8 /* Networking */,
				DD56923C2B018071000A76DC /* General */,
				DD56923D2B01807C000A76DC /* Business */,
				DD56923E2B018085000A76DC /* Technology */,
				DDE706822B03D88A00B360A5 /* Extensions */,
				DD04B6FF2B0530E900C36ED8 /* News */,
				DD5692282B016661000A76DC /* Assets.xcassets */,
				DD56922A2B016661000A76DC /* LaunchScreen.storyboard */,
				DD56922D2B016661000A76DC /* Info.plist */,
			);
			path = NewsApp;
			sourceTree = "<group>";
		};
		DD56923C2B018071000A76DC /* General */ = {
			isa = PBXGroup;
			children = (
				DD56923F2B01809D000A76DC /* View */,
				DD04B6F72B05205700C36ED8 /* ViewModel */,
				DD04B6FC2B05245100C36ED8 /* Model */,
			);
			path = General;
			sourceTree = "<group>";
		};
		DD56923D2B01807C000A76DC /* Business */ = {
			isa = PBXGroup;
			children = (
				DD04B7192B0A60E800C36ED8 /* View */,
				DD04B71C2B0A610200C36ED8 /* ViewModel */,
			);
			path = Business;
			sourceTree = "<group>";
		};
		DD56923E2B018085000A76DC /* Technology */ = {
			isa = PBXGroup;
			children = (
				DDEA7B732B1007FD00D2E47C /* View */,
				DDEA7B782B1008C600D2E47C /* ViewModel */,
			);
			path = Technology;
			sourceTree = "<group>";
		};
		DD56923F2B01809D000A76DC /* View */ = {
			isa = PBXGroup;
			children = (
				DD5692232B01665F000A76DC /* GeneralViewController.swift */,
				DD5692402B0180B1000A76DC /* GeneralCollectionViewCell.swift */,
			);
			path = View;
			sourceTree = "<group>";
		};
		DDE706822B03D88A00B360A5 /* Extensions */ = {
			isa = PBXGroup;
			children = (
				DDE706802B03D88500B360A5 /* UIViev+Ex.swift */,
			);
			path = Extensions;
			sourceTree = "<group>";
		};
		DDEA7B732B1007FD00D2E47C /* View */ = {
			isa = PBXGroup;
			children = (
				DD5692372B01701A000A76DC /* TechnologyViewController.swift */,
				DDEA7B742B10088E00D2E47C /* TechnologyCollectionsViewCell.swift */,
			);
			path = View;
			sourceTree = "<group>";
		};
		DDEA7B782B1008C600D2E47C /* ViewModel */ = {
			isa = PBXGroup;
			children = (
				DDEA7B762B1008BA00D2E47C /* TechnologyViewModel.swift */,
			);
			path = ViewModel;
			sourceTree = "<group>";
		};
/* End PBXGroup section */

/* Begin PBXNativeTarget section */
		DD56921B2B01665F000A76DC /* NewsApp */ = {
			isa = PBXNativeTarget;
			buildConfigurationList = DD5692302B016661000A76DC /* Build configuration list for PBXNativeTarget "NewsApp" */;
			buildPhases = (
				DD5692182B01665F000A76DC /* Sources */,
				DD5692192B01665F000A76DC /* Frameworks */,
				DD56921A2B01665F000A76DC /* Resources */,
			);
			buildRules = (
			);
			dependencies = (
			);
			name = NewsApp;
			packageProductDependencies = (
				DD56923A2B017EA6000A76DC /* SnapKit */,
			);
			productName = NewsApp;
			productReference = DD56921C2B01665F000A76DC /* NewsApp.app */;
			productType = "com.apple.product-type.application";
		};
/* End PBXNativeTarget section */

/* Begin PBXProject section */
		DD5692142B01665F000A76DC /* Project object */ = {
			isa = PBXProject;
			attributes = {
				BuildIndependentTargetsInParallel = 1;
				LastSwiftUpdateCheck = 1500;
				LastUpgradeCheck = 1500;
				TargetAttributes = {
					DD56921B2B01665F000A76DC = {
						CreatedOnToolsVersion = 15.0.1;
					};
				};
			};
			buildConfigurationList = DD5692172B01665F000A76DC /* Build configuration list for PBXProject "NewsApp" */;
			compatibilityVersion = "Xcode 14.0";
			developmentRegion = en;
			hasScannedForEncodings = 0;
			knownRegions = (
				en,
				Base,
			);
			mainGroup = DD5692132B01665F000A76DC;
			packageReferences = (
				DD5692392B017EA6000A76DC /* XCRemoteSwiftPackageReference "SnapKit" */,
			);
			productRefGroup = DD56921D2B01665F000A76DC /* Products */;
			projectDirPath = "";
			projectRoot = "";
			targets = (
				DD56921B2B01665F000A76DC /* NewsApp */,
			);
		};
/* End PBXProject section */

/* Begin PBXResourcesBuildPhase section */
		DD56921A2B01665F000A76DC /* Resources */ = {
			isa = PBXResourcesBuildPhase;
			buildActionMask = 2147483647;
			files = (
				DD56922C2B016661000A76DC /* LaunchScreen.storyboard in Resources */,
				DD5692292B016661000A76DC /* Assets.xcassets in Resources */,
			);
			runOnlyForDeploymentPostprocessing = 0;
		};
/* End PBXResourcesBuildPhase section */

/* Begin PBXSourcesBuildPhase section */
		DD5692182B01665F000A76DC /* Sources */ = {
			isa = PBXSourcesBuildPhase;
			buildActionMask = 2147483647;
			files = (
				DD5692382B01701A000A76DC /* TechnologyViewController.swift in Sources */,
				DD5692412B0180B1000A76DC /* GeneralCollectionViewCell.swift in Sources */,
				DDE706812B03D88500B360A5 /* UIViev+Ex.swift in Sources */,
				DD04B71B2B0A60FC00C36ED8 /* BusinessViewModel.swift in Sources */,
				DDEA7B752B10088E00D2E47C /* TechnologyCollectionsViewCell.swift in Sources */,
				DD04B6FB2B05236C00C36ED8 /* ArticleRensponseObject.swift in Sources */,
				DD04B7092B054C6B00C36ED8 /* NetworkingError.swift in Sources */,
				DD5692342B016EA0000A76DC /* TabBarController.swift in Sources */,
				DD04B6FE2B05260300C36ED8 /* ArticleCellViewModel.swift in Sources */,
				DD04B70B2B06A22D00C36ED8 /* NewsViewModel.swift in Sources */,
				DD5692242B01665F000A76DC /* GeneralViewController.swift in Sources */,
				DD5692362B016FFC000A76DC /* BusinessViewController.swift in Sources */,
				DDEA7B772B1008BA00D2E47C /* TechnologyViewModel.swift in Sources */,
				DD04B6F62B05205000C36ED8 /* GeneralViewModel.swift in Sources */,
				DD04B7032B0532BF00C36ED8 /* NewsDetailViewController.swift in Sources */,
				DD04B7052B0536F500C36ED8 /* ApiManager.swift in Sources */,
				DD5692202B01665F000A76DC /* AppDelegate.swift in Sources */,
				DD04B6F92B0522DF00C36ED8 /* NewsResponseObject.swift in Sources */,
				DD04B6F42B0504F200C36ED8 /* DetailsCollectionsViewCell.swift in Sources */,
			);
			runOnlyForDeploymentPostprocessing = 0;
		};
/* End PBXSourcesBuildPhase section */

/* Begin PBXVariantGroup section */
		DD56922A2B016661000A76DC /* LaunchScreen.storyboard */ = {
			isa = PBXVariantGroup;
			children = (
				DD56922B2B016661000A76DC /* Base */,
			);
			name = LaunchScreen.storyboard;
			sourceTree = "<group>";
		};
/* End PBXVariantGroup section */

/* Begin XCBuildConfiguration section */
		DD56922E2B016661000A76DC /* Debug */ = {
			isa = XCBuildConfiguration;
			buildSettings = {
				ALWAYS_SEARCH_USER_PATHS = NO;
				ASSETCATALOG_COMPILER_GENERATE_SWIFT_ASSET_SYMBOL_EXTENSIONS = YES;
				CLANG_ANALYZER_NONNULL = YES;
				CLANG_ANALYZER_NUMBER_OBJECT_CONVERSION = YES_AGGRESSIVE;
				CLANG_CXX_LANGUAGE_STANDARD = "gnu++20";
				CLANG_ENABLE_MODULES = YES;
				CLANG_ENABLE_OBJC_ARC = YES;
				CLANG_ENABLE_OBJC_WEAK = YES;
				CLANG_WARN_BLOCK_CAPTURE_AUTORELEASING = YES;
				CLANG_WARN_BOOL_CONVERSION = YES;
				CLANG_WARN_COMMA = YES;
				CLANG_WARN_CONSTANT_CONVERSION = YES;
				CLANG_WARN_DEPRECATED_OBJC_IMPLEMENTATIONS = YES;
				CLANG_WARN_DIRECT_OBJC_ISA_USAGE = YES_ERROR;
				CLANG_WARN_DOCUMENTATION_COMMENTS = YES;
				CLANG_WARN_EMPTY_BODY = YES;
				CLANG_WARN_ENUM_CONVERSION = YES;
				CLANG_WARN_INFINITE_RECURSION = YES;
				CLANG_WARN_INT_CONVERSION = YES;
				CLANG_WARN_NON_LITERAL_NULL_CONVERSION = YES;
				CLANG_WARN_OBJC_IMPLICIT_RETAIN_SELF = YES;
				CLANG_WARN_OBJC_LITERAL_CONVERSION = YES;
				CLANG_WARN_OBJC_ROOT_CLASS = YES_ERROR;
				CLANG_WARN_QUOTED_INCLUDE_IN_FRAMEWORK_HEADER = YES;
				CLANG_WARN_RANGE_LOOP_ANALYSIS = YES;
				CLANG_WARN_STRICT_PROTOTYPES = YES;
				CLANG_WARN_SUSPICIOUS_MOVE = YES;
				CLANG_WARN_UNGUARDED_AVAILABILITY = YES_AGGRESSIVE;
				CLANG_WARN_UNREACHABLE_CODE = YES;
				CLANG_WARN__DUPLICATE_METHOD_MATCH = YES;
				COPY_PHASE_STRIP = NO;
				DEBUG_INFORMATION_FORMAT = dwarf;
				ENABLE_STRICT_OBJC_MSGSEND = YES;
				ENABLE_TESTABILITY = YES;
				ENABLE_USER_SCRIPT_SANDBOXING = YES;
				GCC_C_LANGUAGE_STANDARD = gnu17;
				GCC_DYNAMIC_NO_PIC = NO;
				GCC_NO_COMMON_BLOCKS = YES;
				GCC_OPTIMIZATION_LEVEL = 0;
				GCC_PREPROCESSOR_DEFINITIONS = (
					"DEBUG=1",
					"$(inherited)",
				);
				GCC_WARN_64_TO_32_BIT_CONVERSION = YES;
				GCC_WARN_ABOUT_RETURN_TYPE = YES_ERROR;
				GCC_WARN_UNDECLARED_SELECTOR = YES;
				GCC_WARN_UNINITIALIZED_AUTOS = YES_AGGRESSIVE;
				GCC_WARN_UNUSED_FUNCTION = YES;
				GCC_WARN_UNUSED_VARIABLE = YES;
				IPHONEOS_DEPLOYMENT_TARGET = 17.0;
				LOCALIZATION_PREFERS_STRING_CATALOGS = YES;
				MTL_ENABLE_DEBUG_INFO = INCLUDE_SOURCE;
				MTL_FAST_MATH = YES;
				ONLY_ACTIVE_ARCH = YES;
				SDKROOT = iphoneos;
				SWIFT_ACTIVE_COMPILATION_CONDITIONS = "DEBUG $(inherited)";
				SWIFT_OPTIMIZATION_LEVEL = "-Onone";
			};
			name = Debug;
		};
		DD56922F2B016661000A76DC /* Release */ = {
			isa = XCBuildConfiguration;
			buildSettings = {
				ALWAYS_SEARCH_USER_PATHS = NO;
				ASSETCATALOG_COMPILER_GENERATE_SWIFT_ASSET_SYMBOL_EXTENSIONS = YES;
				CLANG_ANALYZER_NONNULL = YES;
				CLANG_ANALYZER_NUMBER_OBJECT_CONVERSION = YES_AGGRESSIVE;
				CLANG_CXX_LANGUAGE_STANDARD = "gnu++20";
				CLANG_ENABLE_MODULES = YES;
				CLANG_ENABLE_OBJC_ARC = YES;
				CLANG_ENABLE_OBJC_WEAK = YES;
				CLANG_WARN_BLOCK_CAPTURE_AUTORELEASING = YES;
				CLANG_WARN_BOOL_CONVERSION = YES;
				CLANG_WARN_COMMA = YES;
				CLANG_WARN_CONSTANT_CONVERSION = YES;
				CLANG_WARN_DEPRECATED_OBJC_IMPLEMENTATIONS = YES;
				CLANG_WARN_DIRECT_OBJC_ISA_USAGE = YES_ERROR;
				CLANG_WARN_DOCUMENTATION_COMMENTS = YES;
				CLANG_WARN_EMPTY_BODY = YES;
				CLANG_WARN_ENUM_CONVERSION = YES;
				CLANG_WARN_INFINITE_RECURSION = YES;
				CLANG_WARN_INT_CONVERSION = YES;
				CLANG_WARN_NON_LITERAL_NULL_CONVERSION = YES;
				CLANG_WARN_OBJC_IMPLICIT_RETAIN_SELF = YES;
				CLANG_WARN_OBJC_LITERAL_CONVERSION = YES;
				CLANG_WARN_OBJC_ROOT_CLASS = YES_ERROR;
				CLANG_WARN_QUOTED_INCLUDE_IN_FRAMEWORK_HEADER = YES;
				CLANG_WARN_RANGE_LOOP_ANALYSIS = YES;
				CLANG_WARN_STRICT_PROTOTYPES = YES;
				CLANG_WARN_SUSPICIOUS_MOVE = YES;
				CLANG_WARN_UNGUARDED_AVAILABILITY = YES_AGGRESSIVE;
				CLANG_WARN_UNREACHABLE_CODE = YES;
				CLANG_WARN__DUPLICATE_METHOD_MATCH = YES;
				COPY_PHASE_STRIP = NO;
				DEBUG_INFORMATION_FORMAT = "dwarf-with-dsym";
				ENABLE_NS_ASSERTIONS = NO;
				ENABLE_STRICT_OBJC_MSGSEND = YES;
				ENABLE_USER_SCRIPT_SANDBOXING = YES;
				GCC_C_LANGUAGE_STANDARD = gnu17;
				GCC_NO_COMMON_BLOCKS = YES;
				GCC_WARN_64_TO_32_BIT_CONVERSION = YES;
				GCC_WARN_ABOUT_RETURN_TYPE = YES_ERROR;
				GCC_WARN_UNDECLARED_SELECTOR = YES;
				GCC_WARN_UNINITIALIZED_AUTOS = YES_AGGRESSIVE;
				GCC_WARN_UNUSED_FUNCTION = YES;
				GCC_WARN_UNUSED_VARIABLE = YES;
				IPHONEOS_DEPLOYMENT_TARGET = 17.0;
				LOCALIZATION_PREFERS_STRING_CATALOGS = YES;
				MTL_ENABLE_DEBUG_INFO = NO;
				MTL_FAST_MATH = YES;
				SDKROOT = iphoneos;
				SWIFT_COMPILATION_MODE = wholemodule;
				VALIDATE_PRODUCT = YES;
			};
			name = Release;
		};
		DD5692312B016661000A76DC /* Debug */ = {
			isa = XCBuildConfiguration;
			buildSettings = {
				ASSETCATALOG_COMPILER_APPICON_NAME = AppIcon;
				ASSETCATALOG_COMPILER_GLOBAL_ACCENT_COLOR_NAME = AccentColor;
				CODE_SIGN_STYLE = Automatic;
				CURRENT_PROJECT_VERSION = 1;
				DEVELOPMENT_TEAM = 45B8HPZBYT;
				GENERATE_INFOPLIST_FILE = YES;
				INFOPLIST_FILE = NewsApp/Info.plist;
				INFOPLIST_KEY_UIApplicationSupportsIndirectInputEvents = YES;
				INFOPLIST_KEY_UILaunchStoryboardName = LaunchScreen;
				INFOPLIST_KEY_UISupportedInterfaceOrientations_iPad = "UIInterfaceOrientationPortrait UIInterfaceOrientationPortraitUpsideDown UIInterfaceOrientationLandscapeLeft UIInterfaceOrientationLandscapeRight";
				INFOPLIST_KEY_UISupportedInterfaceOrientations_iPhone = "UIInterfaceOrientationPortrait UIInterfaceOrientationLandscapeLeft UIInterfaceOrientationLandscapeRight";
				LD_RUNPATH_SEARCH_PATHS = (
					"$(inherited)",
					"@executable_path/Frameworks",
				);
				MARKETING_VERSION = 1.0;
				PRODUCT_BUNDLE_IDENTIFIER = "pravda-dev.NewsApp";
				PRODUCT_NAME = "$(TARGET_NAME)";
				SWIFT_EMIT_LOC_STRINGS = YES;
				SWIFT_VERSION = 5.0;
				TARGETED_DEVICE_FAMILY = "1,2";
			};
			name = Debug;
		};
		DD5692322B016661000A76DC /* Release */ = {
			isa = XCBuildConfiguration;
			buildSettings = {
				ASSETCATALOG_COMPILER_APPICON_NAME = AppIcon;
				ASSETCATALOG_COMPILER_GLOBAL_ACCENT_COLOR_NAME = AccentColor;
				CODE_SIGN_STYLE = Automatic;
				CURRENT_PROJECT_VERSION = 1;
				DEVELOPMENT_TEAM = 45B8HPZBYT;
				GENERATE_INFOPLIST_FILE = YES;
				INFOPLIST_FILE = NewsApp/Info.plist;
				INFOPLIST_KEY_UIApplicationSupportsIndirectInputEvents = YES;
				INFOPLIST_KEY_UILaunchStoryboardName = LaunchScreen;
				INFOPLIST_KEY_UISupportedInterfaceOrientations_iPad = "UIInterfaceOrientationPortrait UIInterfaceOrientationPortraitUpsideDown UIInterfaceOrientationLandscapeLeft UIInterfaceOrientationLandscapeRight";
				INFOPLIST_KEY_UISupportedInterfaceOrientations_iPhone = "UIInterfaceOrientationPortrait UIInterfaceOrientationLandscapeLeft UIInterfaceOrientationLandscapeRight";
				LD_RUNPATH_SEARCH_PATHS = (
					"$(inherited)",
					"@executable_path/Frameworks",
				);
				MARKETING_VERSION = 1.0;
				PRODUCT_BUNDLE_IDENTIFIER = "pravda-dev.NewsApp";
				PRODUCT_NAME = "$(TARGET_NAME)";
				SWIFT_EMIT_LOC_STRINGS = YES;
				SWIFT_VERSION = 5.0;
				TARGETED_DEVICE_FAMILY = "1,2";
			};
			name = Release;
		};
/* End XCBuildConfiguration section */

/* Begin XCConfigurationList section */
		DD5692172B01665F000A76DC /* Build configuration list for PBXProject "NewsApp" */ = {
			isa = XCConfigurationList;
			buildConfigurations = (
				DD56922E2B016661000A76DC /* Debug */,
				DD56922F2B016661000A76DC /* Release */,
			);
			defaultConfigurationIsVisible = 0;
			defaultConfigurationName = Release;
		};
		DD5692302B016661000A76DC /* Build configuration list for PBXNativeTarget "NewsApp" */ = {
			isa = XCConfigurationList;
			buildConfigurations = (
				DD5692312B016661000A76DC /* Debug */,
				DD5692322B016661000A76DC /* Release */,
			);
			defaultConfigurationIsVisible = 0;
			defaultConfigurationName = Release;
		};
/* End XCConfigurationList section */

/* Begin XCRemoteSwiftPackageReference section */
		DD5692392B017EA6000A76DC /* XCRemoteSwiftPackageReference "SnapKit" */ = {
			isa = XCRemoteSwiftPackageReference;
			repositoryURL = "https://github.com/SnapKit/SnapKit.git";
			requirement = {
				kind = upToNextMajorVersion;
				minimumVersion = 5.6.0;
			};
		};
/* End XCRemoteSwiftPackageReference section */

/* Begin XCSwiftPackageProductDependency section */
		DD56923A2B017EA6000A76DC /* SnapKit */ = {
			isa = XCSwiftPackageProductDependency;
			package = DD5692392B017EA6000A76DC /* XCRemoteSwiftPackageReference "SnapKit" */;
			productName = SnapKit;
		};
/* End XCSwiftPackageProductDependency section */
	};
	rootObject = DD5692142B01665F000A76DC /* Project object */;
}
